// !$*UTF8*$!
{
	archiveVersion = 1;
	classes = {
	};
	objectVersion = 56;
	objects = {

/* Begin PBXBuildFile section */
		E8C4E61A292275DC00AB447B /* AppDelegate.swift in Sources */ = {isa = PBXBuildFile; fileRef = E8C4E619292275DC00AB447B /* AppDelegate.swift */; };
		E8C4E61C292275DC00AB447B /* SceneDelegate.swift in Sources */ = {isa = PBXBuildFile; fileRef = E8C4E61B292275DC00AB447B /* SceneDelegate.swift */; };
		E8C4E621292275DC00AB447B /* Main.storyboard in Resources */ = {isa = PBXBuildFile; fileRef = E8C4E61F292275DC00AB447B /* Main.storyboard */; };
		E8C4E623292275DF00AB447B /* Assets.xcassets in Resources */ = {isa = PBXBuildFile; fileRef = E8C4E622292275DF00AB447B /* Assets.xcassets */; };
		E8C4E626292275DF00AB447B /* LaunchScreen.storyboard in Resources */ = {isa = PBXBuildFile; fileRef = E8C4E624292275DF00AB447B /* LaunchScreen.storyboard */; };
		E8C4E62E292276E200AB447B /* RepositoriesViewController.swift in Sources */ = {isa = PBXBuildFile; fileRef = E8C4E62D292276E200AB447B /* RepositoriesViewController.swift */; };
		E8C4E6302922784C00AB447B /* Repository.swift in Sources */ = {isa = PBXBuildFile; fileRef = E8C4E62F2922784C00AB447B /* Repository.swift */; };
		E8C4E6342922790A00AB447B /* RepositoryCell.swift in Sources */ = {isa = PBXBuildFile; fileRef = E8C4E6322922790A00AB447B /* RepositoryCell.swift */; };
		E8C4E6352922790A00AB447B /* RepositoryCell.xib in Resources */ = {isa = PBXBuildFile; fileRef = E8C4E6332922790A00AB447B /* RepositoryCell.xib */; };
		E8C4E63A29227A9700AB447B /* APIService.swift in Sources */ = {isa = PBXBuildFile; fileRef = E8C4E63929227A9700AB447B /* APIService.swift */; };
		E8C4E63F2923CF5300AB447B /* UIImageView+Extention.swift in Sources */ = {isa = PBXBuildFile; fileRef = E8C4E63E2923CF5300AB447B /* UIImageView+Extention.swift */; };
/* End PBXBuildFile section */

/* Begin PBXFileReference section */
		E8C4E616292275DC00AB447B /* Github Project.app */ = {isa = PBXFileReference; explicitFileType = wrapper.application; includeInIndex = 0; path = "Github Project.app"; sourceTree = BUILT_PRODUCTS_DIR; };
		E8C4E619292275DC00AB447B /* AppDelegate.swift */ = {isa = PBXFileReference; lastKnownFileType = sourcecode.swift; path = AppDelegate.swift; sourceTree = "<group>"; };
		E8C4E61B292275DC00AB447B /* SceneDelegate.swift */ = {isa = PBXFileReference; lastKnownFileType = sourcecode.swift; path = SceneDelegate.swift; sourceTree = "<group>"; };
		E8C4E620292275DC00AB447B /* Base */ = {isa = PBXFileReference; lastKnownFileType = file.storyboard; name = Base; path = Base.lproj/Main.storyboard; sourceTree = "<group>"; };
		E8C4E622292275DF00AB447B /* Assets.xcassets */ = {isa = PBXFileReference; lastKnownFileType = folder.assetcatalog; path = Assets.xcassets; sourceTree = "<group>"; };
		E8C4E625292275DF00AB447B /* Base */ = {isa = PBXFileReference; lastKnownFileType = file.storyboard; name = Base; path = Base.lproj/LaunchScreen.storyboard; sourceTree = "<group>"; };
		E8C4E627292275DF00AB447B /* Info.plist */ = {isa = PBXFileReference; lastKnownFileType = text.plist.xml; path = Info.plist; sourceTree = "<group>"; };
		E8C4E62D292276E200AB447B /* RepositoriesViewController.swift */ = {isa = PBXFileReference; lastKnownFileType = sourcecode.swift; path = RepositoriesViewController.swift; sourceTree = "<group>"; };
		E8C4E62F2922784C00AB447B /* Repository.swift */ = {isa = PBXFileReference; lastKnownFileType = sourcecode.swift; path = Repository.swift; sourceTree = "<group>"; };
		E8C4E6322922790A00AB447B /* RepositoryCell.swift */ = {isa = PBXFileReference; lastKnownFileType = sourcecode.swift; path = RepositoryCell.swift; sourceTree = "<group>"; };
		E8C4E6332922790A00AB447B /* RepositoryCell.xib */ = {isa = PBXFileReference; lastKnownFileType = file.xib; path = RepositoryCell.xib; sourceTree = "<group>"; };
		E8C4E63929227A9700AB447B /* APIService.swift */ = {isa = PBXFileReference; lastKnownFileType = sourcecode.swift; path = APIService.swift; sourceTree = "<group>"; };
		E8C4E63E2923CF5300AB447B /* UIImageView+Extention.swift */ = {isa = PBXFileReference; lastKnownFileType = sourcecode.swift; path = "UIImageView+Extention.swift"; sourceTree = "<group>"; };
/* End PBXFileReference section */

/* Begin PBXFrameworksBuildPhase section */
		E8C4E613292275DC00AB447B /* Frameworks */ = {
			isa = PBXFrameworksBuildPhase;
			buildActionMask = 2147483647;
			files = (
			);
			runOnlyForDeploymentPostprocessing = 0;
		};
/* End PBXFrameworksBuildPhase section */

/* Begin PBXGroup section */
		E8C4E60D292275DC00AB447B = {
			isa = PBXGroup;
			children = (
				E8C4E618292275DC00AB447B /* Github Project */,
				E8C4E617292275DC00AB447B /* Products */,
			);
			sourceTree = "<group>";
		};
		E8C4E617292275DC00AB447B /* Products */ = {
			isa = PBXGroup;
			children = (
				E8C4E616292275DC00AB447B /* Github Project.app */,
			);
			name = Products;
			sourceTree = "<group>";
		};
		E8C4E618292275DC00AB447B /* Github Project */ = {
			isa = PBXGroup;
			children = (
				E8C4E63B2923CEAD00AB447B /* Extention */,
				E8C4E63629227A5400AB447B /* Services */,
				E8C4E631292278C400AB447B /* Cell */,
				E8C4E619292275DC00AB447B /* AppDelegate.swift */,
				E8C4E61B292275DC00AB447B /* SceneDelegate.swift */,
				E8C4E62D292276E200AB447B /* RepositoriesViewController.swift */,
				E8C4E62F2922784C00AB447B /* Repository.swift */,
				E8C4E61F292275DC00AB447B /* Main.storyboard */,
				E8C4E622292275DF00AB447B /* Assets.xcassets */,
				E8C4E624292275DF00AB447B /* LaunchScreen.storyboard */,
				E8C4E627292275DF00AB447B /* Info.plist */,
			);
			path = "Github Project";
			sourceTree = "<group>";
		};
		E8C4E631292278C400AB447B /* Cell */ = {
			isa = PBXGroup;
			children = (
				E8C4E6322922790A00AB447B /* RepositoryCell.swift */,
				E8C4E6332922790A00AB447B /* RepositoryCell.xib */,
			);
			path = Cell;
			sourceTree = "<group>";
		};
		E8C4E63629227A5400AB447B /* Services */ = {
			isa = PBXGroup;
			children = (
				E8C4E63929227A9700AB447B /* APIService.swift */,
			);
			path = Services;
			sourceTree = "<group>";
		};
		E8C4E63B2923CEAD00AB447B /* Extention */ = {
			isa = PBXGroup;
			children = (
				E8C4E63E2923CF5300AB447B /* UIImageView+Extention.swift */,
			);
			path = Extention;
			sourceTree = "<group>";
		};
/* End PBXGroup section */

/* Begin PBXNativeTarget section */
		E8C4E615292275DC00AB447B /* Github Project */ = {
			isa = PBXNativeTarget;
			buildConfigurationList = E8C4E62A292275DF00AB447B /* Build configuration list for PBXNativeTarget "Github Project" */;
			buildPhases = (
				E8C4E612292275DC00AB447B /* Sources */,
				E8C4E613292275DC00AB447B /* Frameworks */,
				E8C4E614292275DC00AB447B /* Resources */,
			);
			buildRules = (
			);
			dependencies = (
			);
			name = "Github Project";
			productName = "Github Project";
			productReference = E8C4E616292275DC00AB447B /* Github Project.app */;
			productType = "com.apple.product-type.application";
		};
/* End PBXNativeTarget section */

/* Begin PBXProject section */
		E8C4E60E292275DC00AB447B /* Project object */ = {
			isa = PBXProject;
			attributes = {
				BuildIndependentTargetsInParallel = 1;
				LastSwiftUpdateCheck = 1410;
				LastUpgradeCheck = 1410;
				TargetAttributes = {
					E8C4E615292275DC00AB447B = {
						CreatedOnToolsVersion = 14.1;
					};
				};
			};
			buildConfigurationList = E8C4E611292275DC00AB447B /* Build configuration list for PBXProject "Github Project" */;
			compatibilityVersion = "Xcode 14.0";
			developmentRegion = en;
			hasScannedForEncodings = 0;
			knownRegions = (
				en,
				Base,
			);
			mainGroup = E8C4E60D292275DC00AB447B;
			productRefGroup = E8C4E617292275DC00AB447B /* Products */;
			projectDirPath = "";
			projectRoot = "";
			targets = (
				E8C4E615292275DC00AB447B /* Github Project */,
			);
		};
/* End PBXProject section */

/* Begin PBXResourcesBuildPhase section */
		E8C4E614292275DC00AB447B /* Resources */ = {
			isa = PBXResourcesBuildPhase;
			buildActionMask = 2147483647;
			files = (
				E8C4E626292275DF00AB447B /* LaunchScreen.storyboard in Resources */,
				E8C4E623292275DF00AB447B /* Assets.xcassets in Resources */,
				E8C4E621292275DC00AB447B /* Main.storyboard in Resources */,
				E8C4E6352922790A00AB447B /* RepositoryCell.xib in Resources */,
			);
			runOnlyForDeploymentPostprocessing = 0;
		};
/* End PBXResourcesBuildPhase section */

/* Begin PBXSourcesBuildPhase section */
		E8C4E612292275DC00AB447B /* Sources */ = {
			isa = PBXSourcesBuildPhase;
			buildActionMask = 2147483647;
			files = (
				E8C4E6342922790A00AB447B /* RepositoryCell.swift in Sources */,
				E8C4E63F2923CF5300AB447B /* UIImageView+Extention.swift in Sources */,
				E8C4E61A292275DC00AB447B /* AppDelegate.swift in Sources */,
				E8C4E62E292276E200AB447B /* RepositoriesViewController.swift in Sources */,
				E8C4E61C292275DC00AB447B /* SceneDelegate.swift in Sources */,
				E8C4E63A29227A9700AB447B /* APIService.swift in Sources */,
				E8C4E6302922784C00AB447B /* Repository.swift in Sources */,
			);
			runOnlyForDeploymentPostprocessing = 0;
		};
/* End PBXSourcesBuildPhase section */

/* Begin PBXVariantGroup section */
		E8C4E61F292275DC00AB447B /* Main.storyboard */ = {
			isa = PBXVariantGroup;
			children = (
				E8C4E620292275DC00AB447B /* Base */,
			);
			name = Main.storyboard;
			sourceTree = "<group>";
		};
		E8C4E624292275DF00AB447B /* LaunchScreen.storyboard */ = {
			isa = PBXVariantGroup;
			children = (
				E8C4E625292275DF00AB447B /* Base */,
			);
			name = LaunchScreen.storyboard;
			sourceTree = "<group>";
		};
/* End PBXVariantGroup section */

/* Begin XCBuildConfiguration section */
		E8C4E628292275DF00AB447B /* Debug */ = {
			isa = XCBuildConfiguration;
			buildSettings = {
				ALWAYS_SEARCH_USER_PATHS = NO;
				CLANG_ANALYZER_NONNULL = YES;
				CLANG_ANALYZER_NUMBER_OBJECT_CONVERSION = YES_AGGRESSIVE;
				CLANG_CXX_LANGUAGE_STANDARD = "gnu++20";
				CLANG_ENABLE_MODULES = YES;
				CLANG_ENABLE_OBJC_ARC = YES;
				CLANG_ENABLE_OBJC_WEAK = YES;
				CLANG_WARN_BLOCK_CAPTURE_AUTORELEASING = YES;
				CLANG_WARN_BOOL_CONVERSION = YES;
				CLANG_WARN_COMMA = YES;
				CLANG_WARN_CONSTANT_CONVERSION = YES;
				CLANG_WARN_DEPRECATED_OBJC_IMPLEMENTATIONS = YES;
				CLANG_WARN_DIRECT_OBJC_ISA_USAGE = YES_ERROR;
				CLANG_WARN_DOCUMENTATION_COMMENTS = YES;
				CLANG_WARN_EMPTY_BODY = YES;
				CLANG_WARN_ENUM_CONVERSION = YES;
				CLANG_WARN_INFINITE_RECURSION = YES;
				CLANG_WARN_INT_CONVERSION = YES;
				CLANG_WARN_NON_LITERAL_NULL_CONVERSION = YES;
				CLANG_WARN_OBJC_IMPLICIT_RETAIN_SELF = YES;
				CLANG_WARN_OBJC_LITERAL_CONVERSION = YES;
				CLANG_WARN_OBJC_ROOT_CLASS = YES_ERROR;
				CLANG_WARN_QUOTED_INCLUDE_IN_FRAMEWORK_HEADER = YES;
				CLANG_WARN_RANGE_LOOP_ANALYSIS = YES;
				CLANG_WARN_STRICT_PROTOTYPES = YES;
				CLANG_WARN_SUSPICIOUS_MOVE = YES;
				CLANG_WARN_UNGUARDED_AVAILABILITY = YES_AGGRESSIVE;
				CLANG_WARN_UNREACHABLE_CODE = YES;
				CLANG_WARN__DUPLICATE_METHOD_MATCH = YES;
				COPY_PHASE_STRIP = NO;
				DEBUG_INFORMATION_FORMAT = dwarf;
				ENABLE_STRICT_OBJC_MSGSEND = YES;
				ENABLE_TESTABILITY = YES;
				GCC_C_LANGUAGE_STANDARD = gnu11;
				GCC_DYNAMIC_NO_PIC = NO;
				GCC_NO_COMMON_BLOCKS = YES;
				GCC_OPTIMIZATION_LEVEL = 0;
				GCC_PREPROCESSOR_DEFINITIONS = (
					"DEBUG=1",
					"$(inherited)",
				);
				GCC_WARN_64_TO_32_BIT_CONVERSION = YES;
				GCC_WARN_ABOUT_RETURN_TYPE = YES_ERROR;
				GCC_WARN_UNDECLARED_SELECTOR = YES;
				GCC_WARN_UNINITIALIZED_AUTOS = YES_AGGRESSIVE;
				GCC_WARN_UNUSED_FUNCTION = YES;
				GCC_WARN_UNUSED_VARIABLE = YES;
				IPHONEOS_DEPLOYMENT_TARGET = 16.1;
				MTL_ENABLE_DEBUG_INFO = INCLUDE_SOURCE;
				MTL_FAST_MATH = YES;
				ONLY_ACTIVE_ARCH = YES;
				SDKROOT = iphoneos;
				SWIFT_ACTIVE_COMPILATION_CONDITIONS = DEBUG;
				SWIFT_OPTIMIZATION_LEVEL = "-Onone";
			};
			name = Debug;
		};
		E8C4E629292275DF00AB447B /* Release */ = {
			isa = XCBuildConfiguration;
			buildSettings = {
				ALWAYS_SEARCH_USER_PATHS = NO;
				CLANG_ANALYZER_NONNULL = YES;
				CLANG_ANALYZER_NUMBER_OBJECT_CONVERSION = YES_AGGRESSIVE;
				CLANG_CXX_LANGUAGE_STANDARD = "gnu++20";
				CLANG_ENABLE_MODULES = YES;
				CLANG_ENABLE_OBJC_ARC = YES;
				CLANG_ENABLE_OBJC_WEAK = YES;
				CLANG_WARN_BLOCK_CAPTURE_AUTORELEASING = YES;
				CLANG_WARN_BOOL_CONVERSION = YES;
				CLANG_WARN_COMMA = YES;
				CLANG_WARN_CONSTANT_CONVERSION = YES;
				CLANG_WARN_DEPRECATED_OBJC_IMPLEMENTATIONS = YES;
				CLANG_WARN_DIRECT_OBJC_ISA_USAGE = YES_ERROR;
				CLANG_WARN_DOCUMENTATION_COMMENTS = YES;
				CLANG_WARN_EMPTY_BODY = YES;
				CLANG_WARN_ENUM_CONVERSION = YES;
				CLANG_WARN_INFINITE_RECURSION = YES;
				CLANG_WARN_INT_CONVERSION = YES;
				CLANG_WARN_NON_LITERAL_NULL_CONVERSION = YES;
				CLANG_WARN_OBJC_IMPLICIT_RETAIN_SELF = YES;
				CLANG_WARN_OBJC_LITERAL_CONVERSION = YES;
				CLANG_WARN_OBJC_ROOT_CLASS = YES_ERROR;
				CLANG_WARN_QUOTED_INCLUDE_IN_FRAMEWORK_HEADER = YES;
				CLANG_WARN_RANGE_LOOP_ANALYSIS = YES;
				CLANG_WARN_STRICT_PROTOTYPES = YES;
				CLANG_WARN_SUSPICIOUS_MOVE = YES;
				CLANG_WARN_UNGUARDED_AVAILABILITY = YES_AGGRESSIVE;
				CLANG_WARN_UNREACHABLE_CODE = YES;
				CLANG_WARN__DUPLICATE_METHOD_MATCH = YES;
				COPY_PHASE_STRIP = NO;
				DEBUG_INFORMATION_FORMAT = "dwarf-with-dsym";
				ENABLE_NS_ASSERTIONS = NO;
				ENABLE_STRICT_OBJC_MSGSEND = YES;
				GCC_C_LANGUAGE_STANDARD = gnu11;
				GCC_NO_COMMON_BLOCKS = YES;
				GCC_WARN_64_TO_32_BIT_CONVERSION = YES;
				GCC_WARN_ABOUT_RETURN_TYPE = YES_ERROR;
				GCC_WARN_UNDECLARED_SELECTOR = YES;
				GCC_WARN_UNINITIALIZED_AUTOS = YES_AGGRESSIVE;
				GCC_WARN_UNUSED_FUNCTION = YES;
				GCC_WARN_UNUSED_VARIABLE = YES;
				IPHONEOS_DEPLOYMENT_TARGET = 16.1;
				MTL_ENABLE_DEBUG_INFO = NO;
				MTL_FAST_MATH = YES;
				SDKROOT = iphoneos;
				SWIFT_COMPILATION_MODE = wholemodule;
				SWIFT_OPTIMIZATION_LEVEL = "-O";
				VALIDATE_PRODUCT = YES;
			};
			name = Release;
		};
		E8C4E62B292275DF00AB447B /* Debug */ = {
			isa = XCBuildConfiguration;
			buildSettings = {
				ASSETCATALOG_COMPILER_APPICON_NAME = AppIcon;
				ASSETCATALOG_COMPILER_GLOBAL_ACCENT_COLOR_NAME = AccentColor;
				CODE_SIGN_STYLE = Automatic;
				CURRENT_PROJECT_VERSION = 1;
				GENERATE_INFOPLIST_FILE = YES;
				INFOPLIST_FILE = "Github Project/Info.plist";
				INFOPLIST_KEY_UIApplicationSupportsIndirectInputEvents = YES;
				INFOPLIST_KEY_UILaunchStoryboardName = LaunchScreen;
				INFOPLIST_KEY_UIMainStoryboardFile = Main;
				INFOPLIST_KEY_UISupportedInterfaceOrientations_iPad = "UIInterfaceOrientationPortrait UIInterfaceOrientationPortraitUpsideDown UIInterfaceOrientationLandscapeLeft UIInterfaceOrientationLandscapeRight";
				INFOPLIST_KEY_UISupportedInterfaceOrientations_iPhone = "UIInterfaceOrientationPortrait UIInterfaceOrientationLandscapeLeft UIInterfaceOrientationLandscapeRight";
				LD_RUNPATH_SEARCH_PATHS = (
					"$(inherited)",
					"@executable_path/Frameworks",
				);
				MARKETING_VERSION = 1.0;
				PRODUCT_BUNDLE_IDENTIFIER = "youssef.Github-Project";
				PRODUCT_NAME = "$(TARGET_NAME)";
				SWIFT_EMIT_LOC_STRINGS = YES;
				SWIFT_VERSION = 5.0;
				TARGETED_DEVICE_FAMILY = "1,2";
			};
			name = Debug;
		};
		E8C4E62C292275DF00AB447B /* Release */ = {
			isa = XCBuildConfiguration;
			buildSettings = {
				ASSETCATALOG_COMPILER_APPICON_NAME = AppIcon;
				ASSETCATALOG_COMPILER_GLOBAL_ACCENT_COLOR_NAME = AccentColor;
				CODE_SIGN_STYLE = Automatic;
				CURRENT_PROJECT_VERSION = 1;
				GENERATE_INFOPLIST_FILE = YES;
				INFOPLIST_FILE = "Github Project/Info.plist";
				INFOPLIST_KEY_UIApplicationSupportsIndirectInputEvents = YES;
				INFOPLIST_KEY_UILaunchStoryboardName = LaunchScreen;
				INFOPLIST_KEY_UIMainStoryboardFile = Main;
				INFOPLIST_KEY_UISupportedInterfaceOrientations_iPad = "UIInterfaceOrientationPortrait UIInterfaceOrientationPortraitUpsideDown UIInterfaceOrientationLandscapeLeft UIInterfaceOrientationLandscapeRight";
				INFOPLIST_KEY_UISupportedInterfaceOrientations_iPhone = "UIInterfaceOrientationPortrait UIInterfaceOrientationLandscapeLeft UIInterfaceOrientationLandscapeRight";
				LD_RUNPATH_SEARCH_PATHS = (
					"$(inherited)",
					"@executable_path/Frameworks",
				);
				MARKETING_VERSION = 1.0;
				PRODUCT_BUNDLE_IDENTIFIER = "youssef.Github-Project";
				PRODUCT_NAME = "$(TARGET_NAME)";
				SWIFT_EMIT_LOC_STRINGS = YES;
				SWIFT_VERSION = 5.0;
				TARGETED_DEVICE_FAMILY = "1,2";
			};
			name = Release;
		};
/* End XCBuildConfiguration section */

/* Begin XCConfigurationList section */
		E8C4E611292275DC00AB447B /* Build configuration list for PBXProject "Github Project" */ = {
			isa = XCConfigurationList;
			buildConfigurations = (
				E8C4E628292275DF00AB447B /* Debug */,
				E8C4E629292275DF00AB447B /* Release */,
			);
			defaultConfigurationIsVisible = 0;
			defaultConfigurationName = Release;
		};
		E8C4E62A292275DF00AB447B /* Build configuration list for PBXNativeTarget "Github Project" */ = {
			isa = XCConfigurationList;
			buildConfigurations = (
				E8C4E62B292275DF00AB447B /* Debug */,
				E8C4E62C292275DF00AB447B /* Release */,
			);
			defaultConfigurationIsVisible = 0;
			defaultConfigurationName = Release;
		};
/* End XCConfigurationList section */
	};
	rootObject = E8C4E60E292275DC00AB447B /* Project object */;
}
